
Microsoft Visual Studio Solution File, Format Version 12.00
# Visual Studio Version 16
VisualStudioVersion = 16.0.31624.102
MinimumVisualStudioVersion = 10.0.40219.1
Project("{FAE04EC0-301F-11D3-BF4B-00C04F79EFBC}") = "BeelivioTaskApp", "BeelivioTaskApp\BeelivioTaskApp.csproj", "{88CD15F4-0321-40CB-BBC9-C285DF459060}"
EndProject
Project("{FAE04EC0-301F-11D3-BF4B-00C04F79EFBC}") = "BeelivioDomain", "BeelivioDomain\BeelivioDomain.csproj", "{F6D8CA01-8321-4DA9-8D77-E557EBBE38AF}"
EndProject
Global
	GlobalSection(SolutionConfigurationPlatforms) = preSolution
		Debug|Any CPU = Debug|Any CPU
		Release|Any CPU = Release|Any CPU
	EndGlobalSection
	GlobalSection(ProjectConfigurationPlatforms) = postSolution
		{88CD15F4-0321-40CB-BBC9-C285DF459060}.Debug|Any CPU.ActiveCfg = Debug|Any CPU
		{88CD15F4-0321-40CB-BBC9-C285DF459060}.Debug|Any CPU.Build.0 = Debug|Any CPU
		{88CD15F4-0321-40CB-BBC9-C285DF459060}.Release|Any CPU.ActiveCfg = Release|Any CPU
		{88CD15F4-0321-40CB-BBC9-C285DF459060}.Release|Any CPU.Build.0 = Release|Any CPU
		{F6D8CA01-8321-4DA9-8D77-E557EBBE38AF}.Debug|Any CPU.ActiveCfg = Debug|Any CPU
		{F6D8CA01-8321-4DA9-8D77-E557EBBE38AF}.Debug|Any CPU.Build.0 = Debug|Any CPU
		{F6D8CA01-8321-4DA9-8D77-E557EBBE38AF}.Release|Any CPU.ActiveCfg = Release|Any CPU
		{F6D8CA01-8321-4DA9-8D77-E557EBBE38AF}.Release|Any CPU.Build.0 = Release|Any CPU
	EndGlobalSection
	GlobalSection(SolutionProperties) = preSolution
		HideSolutionNode = FALSE
	EndGlobalSection
	GlobalSection(ExtensibilityGlobals) = postSolution
		SolutionGuid = {405E6E93-7CDE-4DE9-8F0A-146705D291B2}
	EndGlobalSection
EndGlobal
